
Microsoft Visual Studio Solution File, Format Version 12.00
# Visual Studio 15
VisualStudioVersion = 15.0.28010.2019
MinimumVisualStudioVersion = 10.0.40219.1
Project("{FAE04EC0-301F-11D3-BF4B-00C04F79EFBC}") = "YellowShop", "YellowShop\YellowShop.csproj", "{99ADB130-F9F1-47E1-9267-44D0C5A2B1FF}"
EndProject
Project("{FAE04EC0-301F-11D3-BF4B-00C04F79EFBC}") = "YellowShop.Tests", "YellowShop.Tests\YellowShop.Tests.csproj", "{BEE4F851-DE25-411C-AABF-DDE1AB693ED9}"
EndProject
Global
	GlobalSection(SolutionConfigurationPlatforms) = preSolution
		Debug|Any CPU = Debug|Any CPU
		Release|Any CPU = Release|Any CPU
	EndGlobalSection
	GlobalSection(ProjectConfigurationPlatforms) = postSolution
		{99ADB130-F9F1-47E1-9267-44D0C5A2B1FF}.Debug|Any CPU.ActiveCfg = Debug|Any CPU
		{99ADB130-F9F1-47E1-9267-44D0C5A2B1FF}.Debug|Any CPU.Build.0 = Debug|Any CPU
		{99ADB130-F9F1-47E1-9267-44D0C5A2B1FF}.Release|Any CPU.ActiveCfg = Release|Any CPU
		{99ADB130-F9F1-47E1-9267-44D0C5A2B1FF}.Release|Any CPU.Build.0 = Release|Any CPU
		{BEE4F851-DE25-411C-AABF-DDE1AB693ED9}.Debug|Any CPU.ActiveCfg = Debug|Any CPU
		{BEE4F851-DE25-411C-AABF-DDE1AB693ED9}.Debug|Any CPU.Build.0 = Debug|Any CPU
		{BEE4F851-DE25-411C-AABF-DDE1AB693ED9}.Release|Any CPU.ActiveCfg = Release|Any CPU
		{BEE4F851-DE25-411C-AABF-DDE1AB693ED9}.Release|Any CPU.Build.0 = Release|Any CPU
	EndGlobalSection
	GlobalSection(SolutionProperties) = preSolution
		HideSolutionNode = FALSE
	EndGlobalSection
	GlobalSection(ExtensibilityGlobals) = postSolution
		SolutionGuid = {4FEA170E-840E-428D-884A-7EE5CCA667A8}
	EndGlobalSection
EndGlobal
